
Microsoft Visual Studio Solution File, Format Version 12.00
# Visual Studio 14
VisualStudioVersion = 14.0.25420.1
MinimumVisualStudioVersion = 10.0.40219.1
Project("{8BC9CEB8-8B4A-11D0-8D11-00A0C91BC942}") = "Data structure_2017.04.06_Linked_list", "Data structure_2017.04.06_Linked_list\Data structure_2017.04.06_Linked_list.vcxproj", "{181871A6-5385-4B54-AC26-3F48BFEC802B}"
EndProject
Project("{8BC9CEB8-8B4A-11D0-8D11-00A0C91BC942}") = "Circular Queue", "Circular Queue\Circular Queue.vcxproj", "{92AA2C53-7959-46F9-AF88-9B838AEEFB2F}"
EndProject
Global
	GlobalSection(SolutionConfigurationPlatforms) = preSolution
		Debug|x64 = Debug|x64
		Debug|x86 = Debug|x86
		Release|x64 = Release|x64
		Release|x86 = Release|x86
	EndGlobalSection
	GlobalSection(ProjectConfigurationPlatforms) = postSolution
		{181871A6-5385-4B54-AC26-3F48BFEC802B}.Debug|x64.ActiveCfg = Debug|x64
		{181871A6-5385-4B54-AC26-3F48BFEC802B}.Debug|x64.Build.0 = Debug|x64
		{181871A6-5385-4B54-AC26-3F48BFEC802B}.Debug|x86.ActiveCfg = Debug|Win32
		{181871A6-5385-4B54-AC26-3F48BFEC802B}.Debug|x86.Build.0 = Debug|Win32
		{181871A6-5385-4B54-AC26-3F48BFEC802B}.Release|x64.ActiveCfg = Release|x64
		{181871A6-5385-4B54-AC26-3F48BFEC802B}.Release|x64.Build.0 = Release|x64
		{181871A6-5385-4B54-AC26-3F48BFEC802B}.Release|x86.ActiveCfg = Release|Win32
		{181871A6-5385-4B54-AC26-3F48BFEC802B}.Release|x86.Build.0 = Release|Win32
		{92AA2C53-7959-46F9-AF88-9B838AEEFB2F}.Debug|x64.ActiveCfg = Debug|x64
		{92AA2C53-7959-46F9-AF88-9B838AEEFB2F}.Debug|x64.Build.0 = Debug|x64
		{92AA2C53-7959-46F9-AF88-9B838AEEFB2F}.Debug|x86.ActiveCfg = Debug|Win32
		{92AA2C53-7959-46F9-AF88-9B838AEEFB2F}.Debug|x86.Build.0 = Debug|Win32
		{92AA2C53-7959-46F9-AF88-9B838AEEFB2F}.Release|x64.ActiveCfg = Release|x64
		{92AA2C53-7959-46F9-AF88-9B838AEEFB2F}.Release|x64.Build.0 = Release|x64
		{92AA2C53-7959-46F9-AF88-9B838AEEFB2F}.Release|x86.ActiveCfg = Release|Win32
		{92AA2C53-7959-46F9-AF88-9B838AEEFB2F}.Release|x86.Build.0 = Release|Win32
	EndGlobalSection
	GlobalSection(SolutionProperties) = preSolution
		HideSolutionNode = FALSE
	EndGlobalSection
EndGlobal
